
Microsoft Visual Studio Solution File, Format Version 12.00
# Visual Studio Version 17
VisualStudioVersion = 17.13.35931.197 d17.13
MinimumVisualStudioVersion = 10.0.40219.1
Project("{FAE04EC0-301F-11D3-BF4B-00C04F79EFBC}") = "CarMaintenanceBackend", "CarMaintenanceBackend\CarMaintenanceBackend.csproj", "{9FAA7504-D041-4484-A439-1924E90D00D9}"
EndProject
Global
	GlobalSection(SolutionConfigurationPlatforms) = preSolution
		Debug|Any CPU = Debug|Any CPU
		Release|Any CPU = Release|Any CPU
	EndGlobalSection
	GlobalSection(ProjectConfigurationPlatforms) = postSolution
		{9FAA7504-D041-4484-A439-1924E90D00D9}.Debug|Any CPU.ActiveCfg = Debug|Any CPU
		{9FAA7504-D041-4484-A439-1924E90D00D9}.Debug|Any CPU.Build.0 = Debug|Any CPU
		{9FAA7504-D041-4484-A439-1924E90D00D9}.Release|Any CPU.ActiveCfg = Release|Any CPU
		{9FAA7504-D041-4484-A439-1924E90D00D9}.Release|Any CPU.Build.0 = Release|Any CPU
	EndGlobalSection
	GlobalSection(SolutionProperties) = preSolution
		HideSolutionNode = FALSE
	EndGlobalSection
	GlobalSection(ExtensibilityGlobals) = postSolution
		SolutionGuid = {D59F3B07-EB54-43E3-99FC-AEE0B11766C9}
	EndGlobalSection
EndGlobal
